
Microsoft Visual Studio Solution File, Format Version 12.00
# Visual Studio Version 17
VisualStudioVersion = 17.14.36623.8 d17.14
MinimumVisualStudioVersion = 10.0.40219.1
Project("{FAE04EC0-301F-11D3-BF4B-00C04F79EFBC}") = "DebuggingPractice", "DebuggingPractice.csproj", "{F765EA58-20D5-06BC-D171-7C16757A878C}"
EndProject
Project("{FAE04EC0-301F-11D3-BF4B-00C04F79EFBC}") = "MinorAdultAgeAndGrade", "..\MinorAdultAge\MinorAdultAgeAndGrade.csproj", "{5A65713F-8084-BC26-DFC6-358B8F4BB04E}"
EndProject
Global
	GlobalSection(SolutionConfigurationPlatforms) = preSolution
		Debug|Any CPU = Debug|Any CPU
		Release|Any CPU = Release|Any CPU
	EndGlobalSection
	GlobalSection(ProjectConfigurationPlatforms) = postSolution
		{F765EA58-20D5-06BC-D171-7C16757A878C}.Debug|Any CPU.ActiveCfg = Debug|Any CPU
		{F765EA58-20D5-06BC-D171-7C16757A878C}.Debug|Any CPU.Build.0 = Debug|Any CPU
		{F765EA58-20D5-06BC-D171-7C16757A878C}.Release|Any CPU.ActiveCfg = Release|Any CPU
		{F765EA58-20D5-06BC-D171-7C16757A878C}.Release|Any CPU.Build.0 = Release|Any CPU
		{5A65713F-8084-BC26-DFC6-358B8F4BB04E}.Debug|Any CPU.ActiveCfg = Debug|Any CPU
		{5A65713F-8084-BC26-DFC6-358B8F4BB04E}.Debug|Any CPU.Build.0 = Debug|Any CPU
		{5A65713F-8084-BC26-DFC6-358B8F4BB04E}.Release|Any CPU.ActiveCfg = Release|Any CPU
		{5A65713F-8084-BC26-DFC6-358B8F4BB04E}.Release|Any CPU.Build.0 = Release|Any CPU
	EndGlobalSection
	GlobalSection(SolutionProperties) = preSolution
		HideSolutionNode = FALSE
	EndGlobalSection
	GlobalSection(ExtensibilityGlobals) = postSolution
		SolutionGuid = {44CDBAF4-D504-478B-ADFD-A84578C7FD82}
	EndGlobalSection
EndGlobal
